
Microsoft Visual Studio Solution File, Format Version 12.00
# Visual Studio 15
Project("{FAE04EC0-301F-11D3-BF4B-00C04F79EFBC}") = "ARPGDemo", "ARPGDemo.csproj", "{B0E65C3C-78F8-4140-86AE-0E1863D61B0A}"
EndProject
Project("{FAE04EC0-301F-11D3-BF4B-00C04F79EFBC}") = "ARPGDemo.Plugins", "ARPGDemo.Plugins.csproj", "{B09B2E1A-BCB9-98DE-0FA7-36D7601E0233}"
EndProject
Project("{FAE04EC0-301F-11D3-BF4B-00C04F79EFBC}") = "ARPGDemo.Editor", "ARPGDemo.Editor.csproj", "{281F5C84-AA06-1643-1AC6-AFDBA2541826}"
EndProject
Project("{FAE04EC0-301F-11D3-BF4B-00C04F79EFBC}") = "ARPGDemo.Editor.Plugins", "ARPGDemo.Editor.Plugins.csproj", "{51F1C7B1-1170-CA92-C1F3-1955B963BA0E}"
EndProject
Global
	GlobalSection(SolutionConfigurationPlatforms) = preSolution
		Debug|Any CPU = Debug|Any CPU
		Release|Any CPU = Release|Any CPU
	EndGlobalSection
	GlobalSection(ProjectConfigurationPlatforms) = postSolution
		{B0E65C3C-78F8-4140-86AE-0E1863D61B0A}.Debug|Any CPU.ActiveCfg = Debug|Any CPU
		{B0E65C3C-78F8-4140-86AE-0E1863D61B0A}.Debug|Any CPU.Build.0 = Debug|Any CPU
		{B0E65C3C-78F8-4140-86AE-0E1863D61B0A}.Release|Any CPU.ActiveCfg = Release|Any CPU
		{B0E65C3C-78F8-4140-86AE-0E1863D61B0A}.Release|Any CPU.Build.0 = Release|Any CPU
		{B09B2E1A-BCB9-98DE-0FA7-36D7601E0233}.Debug|Any CPU.ActiveCfg = Debug|Any CPU
		{B09B2E1A-BCB9-98DE-0FA7-36D7601E0233}.Debug|Any CPU.Build.0 = Debug|Any CPU
		{B09B2E1A-BCB9-98DE-0FA7-36D7601E0233}.Release|Any CPU.ActiveCfg = Release|Any CPU
		{B09B2E1A-BCB9-98DE-0FA7-36D7601E0233}.Release|Any CPU.Build.0 = Release|Any CPU
		{281F5C84-AA06-1643-1AC6-AFDBA2541826}.Debug|Any CPU.ActiveCfg = Debug|Any CPU
		{281F5C84-AA06-1643-1AC6-AFDBA2541826}.Debug|Any CPU.Build.0 = Debug|Any CPU
		{281F5C84-AA06-1643-1AC6-AFDBA2541826}.Release|Any CPU.ActiveCfg = Release|Any CPU
		{281F5C84-AA06-1643-1AC6-AFDBA2541826}.Release|Any CPU.Build.0 = Release|Any CPU
		{51F1C7B1-1170-CA92-C1F3-1955B963BA0E}.Debug|Any CPU.ActiveCfg = Debug|Any CPU
		{51F1C7B1-1170-CA92-C1F3-1955B963BA0E}.Debug|Any CPU.Build.0 = Debug|Any CPU
		{51F1C7B1-1170-CA92-C1F3-1955B963BA0E}.Release|Any CPU.ActiveCfg = Release|Any CPU
		{51F1C7B1-1170-CA92-C1F3-1955B963BA0E}.Release|Any CPU.Build.0 = Release|Any CPU
	EndGlobalSection
	GlobalSection(SolutionProperties) = preSolution
		HideSolutionNode = FALSE
	EndGlobalSection
EndGlobal
